
Microsoft Visual Studio Solution File, Format Version 12.00
# Visual Studio Version 17
VisualStudioVersion = 17.8.34227.203
MinimumVisualStudioVersion = 10.0.40219.1
Project("{9A19103F-16F7-4668-BE54-9A1E7A4F7556}") = "VastoolLHMicro", "VastoolLHMicro.csproj", "{76A8DA54-26E8-40CE-A2FF-0CFBAE126BB0}"
EndProject
Global
	GlobalSection(SolutionConfigurationPlatforms) = preSolution
		Debug|Any CPU = Debug|Any CPU
		Release|Any CPU = Release|Any CPU
	EndGlobalSection
	GlobalSection(ProjectConfigurationPlatforms) = postSolution
		{76A8DA54-26E8-40CE-A2FF-0CFBAE126BB0}.Debug|Any CPU.ActiveCfg = Debug|Any CPU
		{76A8DA54-26E8-40CE-A2FF-0CFBAE126BB0}.Debug|Any CPU.Build.0 = Debug|Any CPU
		{76A8DA54-26E8-40CE-A2FF-0CFBAE126BB0}.Release|Any CPU.ActiveCfg = Release|Any CPU
		{76A8DA54-26E8-40CE-A2FF-0CFBAE126BB0}.Release|Any CPU.Build.0 = Release|Any CPU
	EndGlobalSection
	GlobalSection(SolutionProperties) = preSolution
		HideSolutionNode = FALSE
	EndGlobalSection
	GlobalSection(ExtensibilityGlobals) = postSolution
		SolutionGuid = {A2FFEB27-A5E7-48C2-9B11-7755B70A488B}
	EndGlobalSection
EndGlobal
